
Microsoft Visual Studio Solution File, Format Version 12.00
# Visual Studio 2017
Project("{FAE04EC0-301F-11D3-BF4B-00C04F79EFBC}") = "SpaceEmpire", "SpaceEmpire.csproj", "{6C141593-E17F-FC18-F111-E159B0B2D123}"
EndProject
Project("{FAE04EC0-301F-11D3-BF4B-00C04F79EFBC}") = "SpaceEmpire.Plugins", "SpaceEmpire.Plugins.csproj", "{1BDBF967-66AA-B310-7E6A-589BB290592F}"
EndProject
Project("{FAE04EC0-301F-11D3-BF4B-00C04F79EFBC}") = "SpaceEmpire.Editor.Plugins", "SpaceEmpire.Editor.Plugins.csproj", "{4F288E7D-E8C8-5FC7-9215-C2B87D8E791E}"
EndProject
Global
	GlobalSection(SolutionConfigurationPlatforms) = preSolution
		Debug|Any CPU = Debug|Any CPU
		Release|Any CPU = Release|Any CPU
	EndGlobalSection
	GlobalSection(ProjectConfigurationPlatforms) = postSolution
		{6C141593-E17F-FC18-F111-E159B0B2D123}.Debug|Any CPU.ActiveCfg = Debug|Any CPU
		{6C141593-E17F-FC18-F111-E159B0B2D123}.Debug|Any CPU.Build.0 = Debug|Any CPU
		{6C141593-E17F-FC18-F111-E159B0B2D123}.Release|Any CPU.ActiveCfg = Release|Any CPU
		{6C141593-E17F-FC18-F111-E159B0B2D123}.Release|Any CPU.Build.0 = Release|Any CPU
		{1BDBF967-66AA-B310-7E6A-589BB290592F}.Debug|Any CPU.ActiveCfg = Debug|Any CPU
		{1BDBF967-66AA-B310-7E6A-589BB290592F}.Debug|Any CPU.Build.0 = Debug|Any CPU
		{1BDBF967-66AA-B310-7E6A-589BB290592F}.Release|Any CPU.ActiveCfg = Release|Any CPU
		{1BDBF967-66AA-B310-7E6A-589BB290592F}.Release|Any CPU.Build.0 = Release|Any CPU
		{4F288E7D-E8C8-5FC7-9215-C2B87D8E791E}.Debug|Any CPU.ActiveCfg = Debug|Any CPU
		{4F288E7D-E8C8-5FC7-9215-C2B87D8E791E}.Debug|Any CPU.Build.0 = Debug|Any CPU
		{4F288E7D-E8C8-5FC7-9215-C2B87D8E791E}.Release|Any CPU.ActiveCfg = Release|Any CPU
		{4F288E7D-E8C8-5FC7-9215-C2B87D8E791E}.Release|Any CPU.Build.0 = Release|Any CPU
	EndGlobalSection
	GlobalSection(SolutionProperties) = preSolution
		HideSolutionNode = FALSE
	EndGlobalSection
EndGlobal
