Microsoft Visual Studio Solution File, Format Version 11.00
# Visual Studio 2008

Project("{1643BAD7-6558-F2CE-C724-2E5A9F0761C1}") = "SpaceEmpire", "Assembly-CSharp-firstpass.csproj", "{9A9CB593-0C07-E50C-1E74-7AD9C274E4B5}"
EndProject
Project("{1643BAD7-6558-F2CE-C724-2E5A9F0761C1}") = "SpaceEmpire", "Assembly-CSharp.csproj", "{9E8B27D3-F6D1-E585-A1E5-6BB614A11566}"
EndProject
Project("{1643BAD7-6558-F2CE-C724-2E5A9F0761C1}") = "SpaceEmpire", "Assembly-CSharp-Editor-firstpass.csproj", "{A8A48AA8-7EFA-280B-CBEE-491956C483C5}"
EndProject
Global
	GlobalSection(SolutionConfigurationPlatforms) = preSolution
		Debug|Any CPU = Debug|Any CPU
		Release|Any CPU = Release|Any CPU
	EndGlobalSection
	GlobalSection(ProjectConfigurationPlatforms) = postSolution
		{9A9CB593-0C07-E50C-1E74-7AD9C274E4B5}.Debug|Any CPU.ActiveCfg = Debug|Any CPU
		{9A9CB593-0C07-E50C-1E74-7AD9C274E4B5}.Debug|Any CPU.Build.0 = Debug|Any CPU
		{9A9CB593-0C07-E50C-1E74-7AD9C274E4B5}.Release|Any CPU.ActiveCfg = Release|Any CPU
		{9A9CB593-0C07-E50C-1E74-7AD9C274E4B5}.Release|Any CPU.Build.0 = Release|Any CPU
		{9E8B27D3-F6D1-E585-A1E5-6BB614A11566}.Debug|Any CPU.ActiveCfg = Debug|Any CPU
		{9E8B27D3-F6D1-E585-A1E5-6BB614A11566}.Debug|Any CPU.Build.0 = Debug|Any CPU
		{9E8B27D3-F6D1-E585-A1E5-6BB614A11566}.Release|Any CPU.ActiveCfg = Release|Any CPU
		{9E8B27D3-F6D1-E585-A1E5-6BB614A11566}.Release|Any CPU.Build.0 = Release|Any CPU
		{A8A48AA8-7EFA-280B-CBEE-491956C483C5}.Debug|Any CPU.ActiveCfg = Debug|Any CPU
		{A8A48AA8-7EFA-280B-CBEE-491956C483C5}.Debug|Any CPU.Build.0 = Debug|Any CPU
		{A8A48AA8-7EFA-280B-CBEE-491956C483C5}.Release|Any CPU.ActiveCfg = Release|Any CPU
		{A8A48AA8-7EFA-280B-CBEE-491956C483C5}.Release|Any CPU.Build.0 = Release|Any CPU
	EndGlobalSection
	GlobalSection(SolutionProperties) = preSolution
		HideSolutionNode = FALSE
	EndGlobalSection
	GlobalSection(MonoDevelopProperties) = preSolution
		StartupItem = Assembly-CSharp.csproj
	EndGlobalSection
EndGlobal
